
Microsoft Visual Studio Solution File, Format Version 12.00
# Visual Studio Version 17
VisualStudioVersion = 17.12.35527.113 d17.12
MinimumVisualStudioVersion = 10.0.40219.1
Project("{FAE04EC0-301F-11D3-BF4B-00C04F79EFBC}") = "backend", "backend\backend.csproj", "{163C127E-BAA1-407E-845C-C4D60C1B8903}"
EndProject
Project("{FAE04EC0-301F-11D3-BF4B-00C04F79EFBC}") = "DormitoryManagement.Data", "DormitoryManagement.Data\DormitoryManagement.Data.csproj", "{C49F8E09-21ED-4CD1-81F4-7D6BAFC1DEA7}"
EndProject
Global
	GlobalSection(SolutionConfigurationPlatforms) = preSolution
		Debug|Any CPU = Debug|Any CPU
		Release|Any CPU = Release|Any CPU
	EndGlobalSection
	GlobalSection(ProjectConfigurationPlatforms) = postSolution
		{163C127E-BAA1-407E-845C-C4D60C1B8903}.Debug|Any CPU.ActiveCfg = Debug|Any CPU
		{163C127E-BAA1-407E-845C-C4D60C1B8903}.Debug|Any CPU.Build.0 = Debug|Any CPU
		{163C127E-BAA1-407E-845C-C4D60C1B8903}.Release|Any CPU.ActiveCfg = Release|Any CPU
		{163C127E-BAA1-407E-845C-C4D60C1B8903}.Release|Any CPU.Build.0 = Release|Any CPU
		{C49F8E09-21ED-4CD1-81F4-7D6BAFC1DEA7}.Debug|Any CPU.ActiveCfg = Debug|Any CPU
		{C49F8E09-21ED-4CD1-81F4-7D6BAFC1DEA7}.Debug|Any CPU.Build.0 = Debug|Any CPU
		{C49F8E09-21ED-4CD1-81F4-7D6BAFC1DEA7}.Release|Any CPU.ActiveCfg = Release|Any CPU
		{C49F8E09-21ED-4CD1-81F4-7D6BAFC1DEA7}.Release|Any CPU.Build.0 = Release|Any CPU
	EndGlobalSection
	GlobalSection(SolutionProperties) = preSolution
		HideSolutionNode = FALSE
	EndGlobalSection
EndGlobal
